<?xml version="1.0" encoding="UTF-8" standalone="yes" ?>
<CodeBlocks_project_file>
	<FileVersion major="1" minor="6" />
	<Project>
		<Option title="Return-void" />
		<Option pch_mode="2" />
		<Option compiler="gcc" />
		<Build>
			<Target title="Debug">
				<Option output="bin/Debug/Return-void" prefix_auto="1" extension_auto="1" />
				<Option object_output="obj/Debug/" />
				<Option type="1" />
				<Option compiler="gcc" />
				<Compiler>
					<Add option="-g" />
				</Compiler>
			</Target>
			<Target title="Release">
				<Option output="bin/Release/Return-void" prefix_auto="1" extension_auto="1" />
				<Option object_output="obj/Release/" />
				<Option type="1" />
				<Option compiler="gcc" />
				<Compiler>
					<Add option="-O2" />
				</Compiler>
				<Linker>
					<Add option="-s" />
				</Linker>
			</Target>
		</Build>
		<Compiler>
			<Add option="-Wall" />
			<Add directory="C:/Program Files (x86)/Linker/include" />
		</Compiler>
		<Linker>
			<Add option="-lOpenGL32 -lglu32 -lfreeglut -lpng" />
			<Add directory="C:/Program Files (x86)/Linker/lib" />
		</Linker>
		<Unit filename="Textures/Game/BaseEnemy.png" />
		<Unit filename="Textures/Game/BasicBullet.png" />
		<Unit filename="Textures/Game/BasicEnemy.png" />
		<Unit filename="Textures/Game/PlayerBullet.png" />
		<Unit filename="Textures/Game/Ship.png" />
		<Unit filename="Textures/Game/ShipLeft.png" />
		<Unit filename="Textures/Game/ShipRight.png" />
		<Unit filename="Textures/Hud/GameOver.png" />
		<Unit filename="Textures/Hud/TopBar.png" />
		<Unit filename="Textures/Menu/Background.png" />
		<Unit filename="Textures/Menu/Exit.png" />
		<Unit filename="Textures/Menu/Options.png" />
		<Unit filename="Textures/Menu/Selector.png" />
		<Unit filename="Textures/Menu/Start.png" />
		<Unit filename="Textures/Score/Eight.png" />
		<Unit filename="Textures/Score/Five.png" />
		<Unit filename="Textures/Score/Four.png" />
		<Unit filename="Textures/Score/Nine.png" />
		<Unit filename="Textures/Score/One.png" />
		<Unit filename="Textures/Score/Seven.png" />
		<Unit filename="Textures/Score/Six.png" />
		<Unit filename="Textures/Score/Three.png" />
		<Unit filename="Textures/Score/Two.png" />
		<Unit filename="Textures/Score/Zero.png" />
		<Unit filename="include/Bullet.h" />
		<Unit filename="include/EnemyBase.h" />
		<Unit filename="include/EnemyTypes.h" />
		<Unit filename="include/Game.h" />
		<Unit filename="include/Level.h" />
		<Unit filename="include/Menu.h" />
		<Unit filename="include/Player.h" />
		<Unit filename="src/Bullet.cpp" />
		<Unit filename="src/EnemyBase.cpp" />
		<Unit filename="src/EnemyTypes.cpp" />
		<Unit filename="src/Game.cpp" />
		<Unit filename="src/Level.cpp" />
		<Unit filename="src/Menu.cpp" />
		<Unit filename="src/Player.cpp" />
		<Unit filename="src/main.cpp" />
		<Extensions>
			<code_completion />
			<envvars />
			<debugger />
		</Extensions>
	</Project>
</CodeBlocks_project_file>
